
Microsoft Visual Studio Solution File, Format Version 12.00
# Visual Studio 2012
Project("{FAE04EC0-301F-11D3-BF4B-00C04F79EFBC}") = "UTorrentManagerConsole", "uTorrentManagerConsole\UTorrentManagerConsole.csproj", "{4C3CE340-BE35-4496-88F0-53B4CC323292}"
EndProject
Project("{FAE04EC0-301F-11D3-BF4B-00C04F79EFBC}") = "UTorrentManagerService", "uTorrentManagerService\UTorrentManagerService.csproj", "{38DC9B8A-7FCE-4AFB-8ABA-45EC6A3296F8}"
EndProject
Project("{FAE04EC0-301F-11D3-BF4B-00C04F79EFBC}") = "UTorrentAPI", "..\utorrentapi\src\UTorrentAPI.csproj", "{2960A022-F3AD-4916-A8D1-6A3EE04AD0D1}"
EndProject
Project("{FAE04EC0-301F-11D3-BF4B-00C04F79EFBC}") = "UTorrentManager", "UTorrentManager\UTorrentManager.csproj", "{CEBF0BD9-B702-4C59-9E42-390984E27B54}"
EndProject
Project("{FAE04EC0-301F-11D3-BF4B-00C04F79EFBC}") = "UTorrentManagerPrepare", "UTorrentManagerPrepare\UTorrentManagerPrepare.csproj", "{9AB3B20F-67EC-49C0-A289-75217B4B7553}"
EndProject
Project("{6141683F-8A12-4E36-9623-2EB02B2C2303}") = "Setup", "Setup1\Setup.isproj", "{4EF70C6C-32EC-497B-AF79-A25A9F4A513E}"
	ProjectSection(ProjectDependencies) = postProject
		{9AB3B20F-67EC-49C0-A289-75217B4B7553} = {9AB3B20F-67EC-49C0-A289-75217B4B7553}
		{2960A022-F3AD-4916-A8D1-6A3EE04AD0D1} = {2960A022-F3AD-4916-A8D1-6A3EE04AD0D1}
		{4C3CE340-BE35-4496-88F0-53B4CC323292} = {4C3CE340-BE35-4496-88F0-53B4CC323292}
		{38DC9B8A-7FCE-4AFB-8ABA-45EC6A3296F8} = {38DC9B8A-7FCE-4AFB-8ABA-45EC6A3296F8}
		{CEBF0BD9-B702-4C59-9E42-390984E27B54} = {CEBF0BD9-B702-4C59-9E42-390984E27B54}
	EndProjectSection
EndProject
Global
	GlobalSection(SolutionConfigurationPlatforms) = preSolution
		CD_ROM|Any CPU = CD_ROM|Any CPU
		Debug|Any CPU = Debug|Any CPU
		DVD-5|Any CPU = DVD-5|Any CPU
		Release|Any CPU = Release|Any CPU
		SingleImage|Any CPU = SingleImage|Any CPU
	EndGlobalSection
	GlobalSection(ProjectConfigurationPlatforms) = postSolution
		{4C3CE340-BE35-4496-88F0-53B4CC323292}.CD_ROM|Any CPU.ActiveCfg = Release|Any CPU
		{4C3CE340-BE35-4496-88F0-53B4CC323292}.CD_ROM|Any CPU.Build.0 = Release|Any CPU
		{4C3CE340-BE35-4496-88F0-53B4CC323292}.Debug|Any CPU.ActiveCfg = Debug|Any CPU
		{4C3CE340-BE35-4496-88F0-53B4CC323292}.Debug|Any CPU.Build.0 = Debug|Any CPU
		{4C3CE340-BE35-4496-88F0-53B4CC323292}.DVD-5|Any CPU.ActiveCfg = Debug|Any CPU
		{4C3CE340-BE35-4496-88F0-53B4CC323292}.DVD-5|Any CPU.Build.0 = Debug|Any CPU
		{4C3CE340-BE35-4496-88F0-53B4CC323292}.Release|Any CPU.ActiveCfg = Release|Any CPU
		{4C3CE340-BE35-4496-88F0-53B4CC323292}.Release|Any CPU.Build.0 = Release|Any CPU
		{4C3CE340-BE35-4496-88F0-53B4CC323292}.SingleImage|Any CPU.ActiveCfg = Release|Any CPU
		{4C3CE340-BE35-4496-88F0-53B4CC323292}.SingleImage|Any CPU.Build.0 = Release|Any CPU
		{38DC9B8A-7FCE-4AFB-8ABA-45EC6A3296F8}.CD_ROM|Any CPU.ActiveCfg = Release|Any CPU
		{38DC9B8A-7FCE-4AFB-8ABA-45EC6A3296F8}.CD_ROM|Any CPU.Build.0 = Release|Any CPU
		{38DC9B8A-7FCE-4AFB-8ABA-45EC6A3296F8}.Debug|Any CPU.ActiveCfg = Debug|Any CPU
		{38DC9B8A-7FCE-4AFB-8ABA-45EC6A3296F8}.Debug|Any CPU.Build.0 = Debug|Any CPU
		{38DC9B8A-7FCE-4AFB-8ABA-45EC6A3296F8}.DVD-5|Any CPU.ActiveCfg = Debug|Any CPU
		{38DC9B8A-7FCE-4AFB-8ABA-45EC6A3296F8}.DVD-5|Any CPU.Build.0 = Debug|Any CPU
		{38DC9B8A-7FCE-4AFB-8ABA-45EC6A3296F8}.Release|Any CPU.ActiveCfg = Release|Any CPU
		{38DC9B8A-7FCE-4AFB-8ABA-45EC6A3296F8}.Release|Any CPU.Build.0 = Release|Any CPU
		{38DC9B8A-7FCE-4AFB-8ABA-45EC6A3296F8}.SingleImage|Any CPU.ActiveCfg = Release|Any CPU
		{38DC9B8A-7FCE-4AFB-8ABA-45EC6A3296F8}.SingleImage|Any CPU.Build.0 = Release|Any CPU
		{2960A022-F3AD-4916-A8D1-6A3EE04AD0D1}.CD_ROM|Any CPU.ActiveCfg = Release|Any CPU
		{2960A022-F3AD-4916-A8D1-6A3EE04AD0D1}.CD_ROM|Any CPU.Build.0 = Release|Any CPU
		{2960A022-F3AD-4916-A8D1-6A3EE04AD0D1}.Debug|Any CPU.ActiveCfg = Debug|Any CPU
		{2960A022-F3AD-4916-A8D1-6A3EE04AD0D1}.Debug|Any CPU.Build.0 = Debug|Any CPU
		{2960A022-F3AD-4916-A8D1-6A3EE04AD0D1}.DVD-5|Any CPU.ActiveCfg = Debug|Any CPU
		{2960A022-F3AD-4916-A8D1-6A3EE04AD0D1}.DVD-5|Any CPU.Build.0 = Debug|Any CPU
		{2960A022-F3AD-4916-A8D1-6A3EE04AD0D1}.Release|Any CPU.ActiveCfg = Release|Any CPU
		{2960A022-F3AD-4916-A8D1-6A3EE04AD0D1}.Release|Any CPU.Build.0 = Release|Any CPU
		{2960A022-F3AD-4916-A8D1-6A3EE04AD0D1}.SingleImage|Any CPU.ActiveCfg = Release|Any CPU
		{2960A022-F3AD-4916-A8D1-6A3EE04AD0D1}.SingleImage|Any CPU.Build.0 = Release|Any CPU
		{CEBF0BD9-B702-4C59-9E42-390984E27B54}.CD_ROM|Any CPU.ActiveCfg = Release|Any CPU
		{CEBF0BD9-B702-4C59-9E42-390984E27B54}.CD_ROM|Any CPU.Build.0 = Release|Any CPU
		{CEBF0BD9-B702-4C59-9E42-390984E27B54}.Debug|Any CPU.ActiveCfg = Debug|Any CPU
		{CEBF0BD9-B702-4C59-9E42-390984E27B54}.Debug|Any CPU.Build.0 = Debug|Any CPU
		{CEBF0BD9-B702-4C59-9E42-390984E27B54}.DVD-5|Any CPU.ActiveCfg = Debug|Any CPU
		{CEBF0BD9-B702-4C59-9E42-390984E27B54}.DVD-5|Any CPU.Build.0 = Debug|Any CPU
		{CEBF0BD9-B702-4C59-9E42-390984E27B54}.Release|Any CPU.ActiveCfg = Release|Any CPU
		{CEBF0BD9-B702-4C59-9E42-390984E27B54}.Release|Any CPU.Build.0 = Release|Any CPU
		{CEBF0BD9-B702-4C59-9E42-390984E27B54}.SingleImage|Any CPU.ActiveCfg = Release|Any CPU
		{CEBF0BD9-B702-4C59-9E42-390984E27B54}.SingleImage|Any CPU.Build.0 = Release|Any CPU
		{9AB3B20F-67EC-49C0-A289-75217B4B7553}.CD_ROM|Any CPU.ActiveCfg = Release|Any CPU
		{9AB3B20F-67EC-49C0-A289-75217B4B7553}.CD_ROM|Any CPU.Build.0 = Release|Any CPU
		{9AB3B20F-67EC-49C0-A289-75217B4B7553}.Debug|Any CPU.ActiveCfg = Debug|Any CPU
		{9AB3B20F-67EC-49C0-A289-75217B4B7553}.Debug|Any CPU.Build.0 = Debug|Any CPU
		{9AB3B20F-67EC-49C0-A289-75217B4B7553}.DVD-5|Any CPU.ActiveCfg = Debug|Any CPU
		{9AB3B20F-67EC-49C0-A289-75217B4B7553}.DVD-5|Any CPU.Build.0 = Debug|Any CPU
		{9AB3B20F-67EC-49C0-A289-75217B4B7553}.Release|Any CPU.ActiveCfg = Release|Any CPU
		{9AB3B20F-67EC-49C0-A289-75217B4B7553}.Release|Any CPU.Build.0 = Release|Any CPU
		{9AB3B20F-67EC-49C0-A289-75217B4B7553}.SingleImage|Any CPU.ActiveCfg = Release|Any CPU
		{9AB3B20F-67EC-49C0-A289-75217B4B7553}.SingleImage|Any CPU.Build.0 = Release|Any CPU
		{4EF70C6C-32EC-497B-AF79-A25A9F4A513E}.CD_ROM|Any CPU.ActiveCfg = CD_ROM
		{4EF70C6C-32EC-497B-AF79-A25A9F4A513E}.CD_ROM|Any CPU.Build.0 = CD_ROM
		{4EF70C6C-32EC-497B-AF79-A25A9F4A513E}.Debug|Any CPU.ActiveCfg = DVD-5
		{4EF70C6C-32EC-497B-AF79-A25A9F4A513E}.Debug|Any CPU.Build.0 = DVD-5
		{4EF70C6C-32EC-497B-AF79-A25A9F4A513E}.DVD-5|Any CPU.ActiveCfg = DVD-5
		{4EF70C6C-32EC-497B-AF79-A25A9F4A513E}.DVD-5|Any CPU.Build.0 = DVD-5
		{4EF70C6C-32EC-497B-AF79-A25A9F4A513E}.Release|Any CPU.ActiveCfg = SingleImage
		{4EF70C6C-32EC-497B-AF79-A25A9F4A513E}.Release|Any CPU.Build.0 = SingleImage
		{4EF70C6C-32EC-497B-AF79-A25A9F4A513E}.SingleImage|Any CPU.ActiveCfg = SingleImage
		{4EF70C6C-32EC-497B-AF79-A25A9F4A513E}.SingleImage|Any CPU.Build.0 = SingleImage
	EndGlobalSection
	GlobalSection(SolutionProperties) = preSolution
		HideSolutionNode = FALSE
	EndGlobalSection
EndGlobal
